
Microsoft Visual Studio Solution File, Format Version 12.00
# Visual Studio 2012
Project("{CC5FD16D-436D-48AD-A40C-5A424C6E3E79}") = "OCRDocManager", "OCRDocManager\OCRDocManager.ccproj", "{5BAEA79F-1B2C-4C33-8A50-94A5D7C73507}"
EndProject
Project("{FAE04EC0-301F-11D3-BF4B-00C04F79EFBC}") = "OcrDocProcessor", "OcrDocProcessor\OcrDocProcessor.csproj", "{A4B89D6D-29E8-4928-89A0-0FF415DE8E2D}"
EndProject
Project("{FAE04EC0-301F-11D3-BF4B-00C04F79EFBC}") = "DocManagerFrontEnd", "DocManagerFrontEnd\DocManagerFrontEnd.csproj", "{1DB47BB0-AB5F-4A30-AF5C-B92CEDFE68F9}"
EndProject
Global
	GlobalSection(SolutionConfigurationPlatforms) = preSolution
		Debug|Any CPU = Debug|Any CPU
		Release|Any CPU = Release|Any CPU
	EndGlobalSection
	GlobalSection(ProjectConfigurationPlatforms) = postSolution
		{5BAEA79F-1B2C-4C33-8A50-94A5D7C73507}.Debug|Any CPU.ActiveCfg = Debug|Any CPU
		{5BAEA79F-1B2C-4C33-8A50-94A5D7C73507}.Debug|Any CPU.Build.0 = Debug|Any CPU
		{5BAEA79F-1B2C-4C33-8A50-94A5D7C73507}.Release|Any CPU.ActiveCfg = Release|Any CPU
		{5BAEA79F-1B2C-4C33-8A50-94A5D7C73507}.Release|Any CPU.Build.0 = Release|Any CPU
		{A4B89D6D-29E8-4928-89A0-0FF415DE8E2D}.Debug|Any CPU.ActiveCfg = Debug|Any CPU
		{A4B89D6D-29E8-4928-89A0-0FF415DE8E2D}.Debug|Any CPU.Build.0 = Debug|Any CPU
		{A4B89D6D-29E8-4928-89A0-0FF415DE8E2D}.Release|Any CPU.ActiveCfg = Release|Any CPU
		{A4B89D6D-29E8-4928-89A0-0FF415DE8E2D}.Release|Any CPU.Build.0 = Release|Any CPU
		{1DB47BB0-AB5F-4A30-AF5C-B92CEDFE68F9}.Debug|Any CPU.ActiveCfg = Debug|Any CPU
		{1DB47BB0-AB5F-4A30-AF5C-B92CEDFE68F9}.Debug|Any CPU.Build.0 = Debug|Any CPU
		{1DB47BB0-AB5F-4A30-AF5C-B92CEDFE68F9}.Release|Any CPU.ActiveCfg = Release|Any CPU
		{1DB47BB0-AB5F-4A30-AF5C-B92CEDFE68F9}.Release|Any CPU.Build.0 = Release|Any CPU
	EndGlobalSection
	GlobalSection(SolutionProperties) = preSolution
		HideSolutionNode = FALSE
	EndGlobalSection
EndGlobal
